// !$*UTF8*$!
{
	archiveVersion = 1;
	classes = {
	};
	objectVersion = 46;
	objects = {

/* Begin PBXBuildFile section */
		E5761CF21BEE114700DD9C94 /* main.m in Sources */ = {isa = PBXBuildFile; fileRef = E5761CF11BEE114700DD9C94 /* main.m */; };
		E5761CF51BEE114700DD9C94 /* AppDelegate.m in Sources */ = {isa = PBXBuildFile; fileRef = E5761CF41BEE114700DD9C94 /* AppDelegate.m */; };
		E5761CF81BEE114700DD9C94 /* ViewController.m in Sources */ = {isa = PBXBuildFile; fileRef = E5761CF71BEE114700DD9C94 /* ViewController.m */; };
		E5761CFB1BEE114700DD9C94 /* Main.storyboard in Resources */ = {isa = PBXBuildFile; fileRef = E5761CF91BEE114700DD9C94 /* Main.storyboard */; };
		E5761CFD1BEE114700DD9C94 /* Assets.xcassets in Resources */ = {isa = PBXBuildFile; fileRef = E5761CFC1BEE114700DD9C94 /* Assets.xcassets */; };
		E5761D001BEE114700DD9C94 /* LaunchScreen.storyboard in Resources */ = {isa = PBXBuildFile; fileRef = E5761CFE1BEE114700DD9C94 /* LaunchScreen.storyboard */; };
		E5761D0B1BEE114700DD9C94 /* RedefineTabBarControllerTests.m in Sources */ = {isa = PBXBuildFile; fileRef = E5761D0A1BEE114700DD9C94 /* RedefineTabBarControllerTests.m */; };
		E5761D161BEE114700DD9C94 /* RedefineTabBarControllerUITests.m in Sources */ = {isa = PBXBuildFile; fileRef = E5761D151BEE114700DD9C94 /* RedefineTabBarControllerUITests.m */; };
		E5761D251BEE115E00DD9C94 /* LCTabBarController.m in Sources */ = {isa = PBXBuildFile; fileRef = E5761D241BEE115E00DD9C94 /* LCTabBarController.m */; };
		E5761D2A1BEE118500DD9C94 /* UIActionSheet+Blocks.m in Sources */ = {isa = PBXBuildFile; fileRef = E5761D271BEE118500DD9C94 /* UIActionSheet+Blocks.m */; };
		E5761D2B1BEE118500DD9C94 /* UIAlertView+Blocks.m in Sources */ = {isa = PBXBuildFile; fileRef = E5761D291BEE118500DD9C94 /* UIAlertView+Blocks.m */; };
		E5761D2E1BEE128100DD9C94 /* MineViewController.m in Sources */ = {isa = PBXBuildFile; fileRef = E5761D2D1BEE128100DD9C94 /* MineViewController.m */; };
		E5761D381BEE12B200DD9C94 /* JKSideSlipView.m in Sources */ = {isa = PBXBuildFile; fileRef = E5761D311BEE12B200DD9C94 /* JKSideSlipView.m */; };
		E5761D391BEE12B200DD9C94 /* MenuCell.m in Sources */ = {isa = PBXBuildFile; fileRef = E5761D331BEE12B200DD9C94 /* MenuCell.m */; };
		E5761D3A1BEE12B200DD9C94 /* MenuCell.xib in Resources */ = {isa = PBXBuildFile; fileRef = E5761D341BEE12B200DD9C94 /* MenuCell.xib */; };
		E5761D3B1BEE12B200DD9C94 /* MenuView.m in Sources */ = {isa = PBXBuildFile; fileRef = E5761D361BEE12B200DD9C94 /* MenuView.m */; };
		E5761D3C1BEE12B200DD9C94 /* MenuView.xib in Resources */ = {isa = PBXBuildFile; fileRef = E5761D371BEE12B200DD9C94 /* MenuView.xib */; };
		E5761D3F1BEE12DD00DD9C94 /* MineUserViewController.m in Sources */ = {isa = PBXBuildFile; fileRef = E5761D3E1BEE12DD00DD9C94 /* MineUserViewController.m */; };
/* End PBXBuildFile section */

/* Begin PBXContainerItemProxy section */
		E5761D071BEE114700DD9C94 /* PBXContainerItemProxy */ = {
			isa = PBXContainerItemProxy;
			containerPortal = E5761CE51BEE114700DD9C94 /* Project object */;
			proxyType = 1;
			remoteGlobalIDString = E5761CEC1BEE114700DD9C94;
			remoteInfo = RedefineTabBarController;
		};
		E5761D121BEE114700DD9C94 /* PBXContainerItemProxy */ = {
			isa = PBXContainerItemProxy;
			containerPortal = E5761CE51BEE114700DD9C94 /* Project object */;
			proxyType = 1;
			remoteGlobalIDString = E5761CEC1BEE114700DD9C94;
			remoteInfo = RedefineTabBarController;
		};
/* End PBXContainerItemProxy section */

/* Begin PBXFileReference section */
		E5761CED1BEE114700DD9C94 /* RedefineTabBarController.app */ = {isa = PBXFileReference; explicitFileType = wrapper.application; includeInIndex = 0; path = RedefineTabBarController.app; sourceTree = BUILT_PRODUCTS_DIR; };
		E5761CF11BEE114700DD9C94 /* main.m */ = {isa = PBXFileReference; lastKnownFileType = sourcecode.c.objc; path = main.m; sourceTree = "<group>"; };
		E5761CF31BEE114700DD9C94 /* AppDelegate.h */ = {isa = PBXFileReference; lastKnownFileType = sourcecode.c.h; path = AppDelegate.h; sourceTree = "<group>"; };
		E5761CF41BEE114700DD9C94 /* AppDelegate.m */ = {isa = PBXFileReference; lastKnownFileType = sourcecode.c.objc; path = AppDelegate.m; sourceTree = "<group>"; };
		E5761CF61BEE114700DD9C94 /* ViewController.h */ = {isa = PBXFileReference; lastKnownFileType = sourcecode.c.h; path = ViewController.h; sourceTree = "<group>"; };
		E5761CF71BEE114700DD9C94 /* ViewController.m */ = {isa = PBXFileReference; lastKnownFileType = sourcecode.c.objc; path = ViewController.m; sourceTree = "<group>"; };
		E5761CFA1BEE114700DD9C94 /* Base */ = {isa = PBXFileReference; lastKnownFileType = file.storyboard; name = Base; path = Base.lproj/Main.storyboard; sourceTree = "<group>"; };
		E5761CFC1BEE114700DD9C94 /* Assets.xcassets */ = {isa = PBXFileReference; lastKnownFileType = folder.assetcatalog; path = Assets.xcassets; sourceTree = "<group>"; };
		E5761CFF1BEE114700DD9C94 /* Base */ = {isa = PBXFileReference; lastKnownFileType = file.storyboard; name = Base; path = Base.lproj/LaunchScreen.storyboard; sourceTree = "<group>"; };
		E5761D011BEE114700DD9C94 /* Info.plist */ = {isa = PBXFileReference; lastKnownFileType = text.plist.xml; path = Info.plist; sourceTree = "<group>"; };
		E5761D061BEE114700DD9C94 /* RedefineTabBarControllerTests.xctest */ = {isa = PBXFileReference; explicitFileType = wrapper.cfbundle; includeInIndex = 0; path = RedefineTabBarControllerTests.xctest; sourceTree = BUILT_PRODUCTS_DIR; };
		E5761D0A1BEE114700DD9C94 /* RedefineTabBarControllerTests.m */ = {isa = PBXFileReference; lastKnownFileType = sourcecode.c.objc; path = RedefineTabBarControllerTests.m; sourceTree = "<group>"; };
		E5761D0C1BEE114700DD9C94 /* Info.plist */ = {isa = PBXFileReference; lastKnownFileType = text.plist.xml; path = Info.plist; sourceTree = "<group>"; };
		E5761D111BEE114700DD9C94 /* RedefineTabBarControllerUITests.xctest */ = {isa = PBXFileReference; explicitFileType = wrapper.cfbundle; includeInIndex = 0; path = RedefineTabBarControllerUITests.xctest; sourceTree = BUILT_PRODUCTS_DIR; };
		E5761D151BEE114700DD9C94 /* RedefineTabBarControllerUITests.m */ = {isa = PBXFileReference; lastKnownFileType = sourcecode.c.objc; path = RedefineTabBarControllerUITests.m; sourceTree = "<group>"; };
		E5761D171BEE114700DD9C94 /* Info.plist */ = {isa = PBXFileReference; lastKnownFileType = text.plist.xml; path = Info.plist; sourceTree = "<group>"; };
		E5761D231BEE115E00DD9C94 /* LCTabBarController.h */ = {isa = PBXFileReference; fileEncoding = 4; lastKnownFileType = sourcecode.c.h; path = LCTabBarController.h; sourceTree = "<group>"; };
		E5761D241BEE115E00DD9C94 /* LCTabBarController.m */ = {isa = PBXFileReference; fileEncoding = 4; lastKnownFileType = sourcecode.c.objc; path = LCTabBarController.m; sourceTree = "<group>"; };
		E5761D261BEE118500DD9C94 /* UIActionSheet+Blocks.h */ = {isa = PBXFileReference; fileEncoding = 4; lastKnownFileType = sourcecode.c.h; path = "UIActionSheet+Blocks.h"; sourceTree = "<group>"; };
		E5761D271BEE118500DD9C94 /* UIActionSheet+Blocks.m */ = {isa = PBXFileReference; fileEncoding = 4; lastKnownFileType = sourcecode.c.objc; path = "UIActionSheet+Blocks.m"; sourceTree = "<group>"; };
		E5761D281BEE118500DD9C94 /* UIAlertView+Blocks.h */ = {isa = PBXFileReference; fileEncoding = 4; lastKnownFileType = sourcecode.c.h; path = "UIAlertView+Blocks.h"; sourceTree = "<group>"; };
		E5761D291BEE118500DD9C94 /* UIAlertView+Blocks.m */ = {isa = PBXFileReference; fileEncoding = 4; lastKnownFileType = sourcecode.c.objc; path = "UIAlertView+Blocks.m"; sourceTree = "<group>"; };
		E5761D2C1BEE128100DD9C94 /* MineViewController.h */ = {isa = PBXFileReference; fileEncoding = 4; lastKnownFileType = sourcecode.c.h; path = MineViewController.h; sourceTree = "<group>"; };
		E5761D2D1BEE128100DD9C94 /* MineViewController.m */ = {isa = PBXFileReference; fileEncoding = 4; lastKnownFileType = sourcecode.c.objc; path = MineViewController.m; sourceTree = "<group>"; };
		E5761D301BEE12B200DD9C94 /* JKSideSlipView.h */ = {isa = PBXFileReference; fileEncoding = 4; lastKnownFileType = sourcecode.c.h; path = JKSideSlipView.h; sourceTree = "<group>"; };
		E5761D311BEE12B200DD9C94 /* JKSideSlipView.m */ = {isa = PBXFileReference; fileEncoding = 4; lastKnownFileType = sourcecode.c.objc; path = JKSideSlipView.m; sourceTree = "<group>"; };
		E5761D321BEE12B200DD9C94 /* MenuCell.h */ = {isa = PBXFileReference; fileEncoding = 4; lastKnownFileType = sourcecode.c.h; path = MenuCell.h; sourceTree = "<group>"; };
		E5761D331BEE12B200DD9C94 /* MenuCell.m */ = {isa = PBXFileReference; fileEncoding = 4; lastKnownFileType = sourcecode.c.objc; path = MenuCell.m; sourceTree = "<group>"; };
		E5761D341BEE12B200DD9C94 /* MenuCell.xib */ = {isa = PBXFileReference; fileEncoding = 4; lastKnownFileType = file.xib; path = MenuCell.xib; sourceTree = "<group>"; };
		E5761D351BEE12B200DD9C94 /* MenuView.h */ = {isa = PBXFileReference; fileEncoding = 4; lastKnownFileType = sourcecode.c.h; path = MenuView.h; sourceTree = "<group>"; };
		E5761D361BEE12B200DD9C94 /* MenuView.m */ = {isa = PBXFileReference; fileEncoding = 4; lastKnownFileType = sourcecode.c.objc; path = MenuView.m; sourceTree = "<group>"; };
		E5761D371BEE12B200DD9C94 /* MenuView.xib */ = {isa = PBXFileReference; fileEncoding = 4; lastKnownFileType = file.xib; path = MenuView.xib; sourceTree = "<group>"; };
		E5761D3D1BEE12DD00DD9C94 /* MineUserViewController.h */ = {isa = PBXFileReference; fileEncoding = 4; lastKnownFileType = sourcecode.c.h; path = MineUserViewController.h; sourceTree = "<group>"; };
		E5761D3E1BEE12DD00DD9C94 /* MineUserViewController.m */ = {isa = PBXFileReference; fileEncoding = 4; lastKnownFileType = sourcecode.c.objc; path = MineUserViewController.m; sourceTree = "<group>"; };
/* End PBXFileReference section */

/* Begin PBXFrameworksBuildPhase section */
		E5761CEA1BEE114700DD9C94 /* Frameworks */ = {
			isa = PBXFrameworksBuildPhase;
			buildActionMask = 2147483647;
			files = (
			);
			runOnlyForDeploymentPostprocessing = 0;
		};
		E5761D031BEE114700DD9C94 /* Frameworks */ = {
			isa = PBXFrameworksBuildPhase;
			buildActionMask = 2147483647;
			files = (
			);
			runOnlyForDeploymentPostprocessing = 0;
		};
		E5761D0E1BEE114700DD9C94 /* Frameworks */ = {
			isa = PBXFrameworksBuildPhase;
			buildActionMask = 2147483647;
			files = (
			);
			runOnlyForDeploymentPostprocessing = 0;
		};
/* End PBXFrameworksBuildPhase section */

/* Begin PBXGroup section */
		E5761CE41BEE114700DD9C94 = {
			isa = PBXGroup;
			children = (
				E5761CEF1BEE114700DD9C94 /* RedefineTabBarController */,
				E5761D091BEE114700DD9C94 /* RedefineTabBarControllerTests */,
				E5761D141BEE114700DD9C94 /* RedefineTabBarControllerUITests */,
				E5761CEE1BEE114700DD9C94 /* Products */,
			);
			sourceTree = "<group>";
		};
		E5761CEE1BEE114700DD9C94 /* Products */ = {
			isa = PBXGroup;
			children = (
				E5761CED1BEE114700DD9C94 /* RedefineTabBarController.app */,
				E5761D061BEE114700DD9C94 /* RedefineTabBarControllerTests.xctest */,
				E5761D111BEE114700DD9C94 /* RedefineTabBarControllerUITests.xctest */,
			);
			name = Products;
			sourceTree = "<group>";
		};
		E5761CEF1BEE114700DD9C94 /* RedefineTabBarController */ = {
			isa = PBXGroup;
			children = (
				E5761D2F1BEE12B200DD9C94 /* JKSideSlipView */,
				E5761D261BEE118500DD9C94 /* UIActionSheet+Blocks.h */,
				E5761D271BEE118500DD9C94 /* UIActionSheet+Blocks.m */,
				E5761D281BEE118500DD9C94 /* UIAlertView+Blocks.h */,
				E5761D291BEE118500DD9C94 /* UIAlertView+Blocks.m */,
				E5761CF31BEE114700DD9C94 /* AppDelegate.h */,
				E5761CF41BEE114700DD9C94 /* AppDelegate.m */,
				E5761CF61BEE114700DD9C94 /* ViewController.h */,
				E5761CF71BEE114700DD9C94 /* ViewController.m */,
				E5761D231BEE115E00DD9C94 /* LCTabBarController.h */,
				E5761D241BEE115E00DD9C94 /* LCTabBarController.m */,
				E5761CF91BEE114700DD9C94 /* Main.storyboard */,
				E5761CFC1BEE114700DD9C94 /* Assets.xcassets */,
				E5761CFE1BEE114700DD9C94 /* LaunchScreen.storyboard */,
				E5761D011BEE114700DD9C94 /* Info.plist */,
				E5761CF01BEE114700DD9C94 /* Supporting Files */,
				E5761D2C1BEE128100DD9C94 /* MineViewController.h */,
				E5761D2D1BEE128100DD9C94 /* MineViewController.m */,
				E5761D3D1BEE12DD00DD9C94 /* MineUserViewController.h */,
				E5761D3E1BEE12DD00DD9C94 /* MineUserViewController.m */,
			);
			path = RedefineTabBarController;
			sourceTree = "<group>";
		};
		E5761CF01BEE114700DD9C94 /* Supporting Files */ = {
			isa = PBXGroup;
			children = (
				E5761CF11BEE114700DD9C94 /* main.m */,
			);
			name = "Supporting Files";
			sourceTree = "<group>";
		};
		E5761D091BEE114700DD9C94 /* RedefineTabBarControllerTests */ = {
			isa = PBXGroup;
			children = (
				E5761D0A1BEE114700DD9C94 /* RedefineTabBarControllerTests.m */,
				E5761D0C1BEE114700DD9C94 /* Info.plist */,
			);
			path = RedefineTabBarControllerTests;
			sourceTree = "<group>";
		};
		E5761D141BEE114700DD9C94 /* RedefineTabBarControllerUITests */ = {
			isa = PBXGroup;
			children = (
				E5761D151BEE114700DD9C94 /* RedefineTabBarControllerUITests.m */,
				E5761D171BEE114700DD9C94 /* Info.plist */,
			);
			path = RedefineTabBarControllerUITests;
			sourceTree = "<group>";
		};
		E5761D2F1BEE12B200DD9C94 /* JKSideSlipView */ = {
			isa = PBXGroup;
			children = (
				E5761D301BEE12B200DD9C94 /* JKSideSlipView.h */,
				E5761D311BEE12B200DD9C94 /* JKSideSlipView.m */,
				E5761D321BEE12B200DD9C94 /* MenuCell.h */,
				E5761D331BEE12B200DD9C94 /* MenuCell.m */,
				E5761D341BEE12B200DD9C94 /* MenuCell.xib */,
				E5761D351BEE12B200DD9C94 /* MenuView.h */,
				E5761D361BEE12B200DD9C94 /* MenuView.m */,
				E5761D371BEE12B200DD9C94 /* MenuView.xib */,
			);
			path = JKSideSlipView;
			sourceTree = "<group>";
		};
/* End PBXGroup section */

/* Begin PBXNativeTarget section */
		E5761CEC1BEE114700DD9C94 /* RedefineTabBarController */ = {
			isa = PBXNativeTarget;
			buildConfigurationList = E5761D1A1BEE114700DD9C94 /* Build configuration list for PBXNativeTarget "RedefineTabBarController" */;
			buildPhases = (
				E5761CE91BEE114700DD9C94 /* Sources */,
				E5761CEA1BEE114700DD9C94 /* Frameworks */,
				E5761CEB1BEE114700DD9C94 /* Resources */,
			);
			buildRules = (
			);
			dependencies = (
			);
			name = RedefineTabBarController;
			productName = RedefineTabBarController;
			productReference = E5761CED1BEE114700DD9C94 /* RedefineTabBarController.app */;
			productType = "com.apple.product-type.application";
		};
		E5761D051BEE114700DD9C94 /* RedefineTabBarControllerTests */ = {
			isa = PBXNativeTarget;
			buildConfigurationList = E5761D1D1BEE114700DD9C94 /* Build configuration list for PBXNativeTarget "RedefineTabBarControllerTests" */;
			buildPhases = (
				E5761D021BEE114700DD9C94 /* Sources */,
				E5761D031BEE114700DD9C94 /* Frameworks */,
				E5761D041BEE114700DD9C94 /* Resources */,
			);
			buildRules = (
			);
			dependencies = (
				E5761D081BEE114700DD9C94 /* PBXTargetDependency */,
			);
			name = RedefineTabBarControllerTests;
			productName = RedefineTabBarControllerTests;
			productReference = E5761D061BEE114700DD9C94 /* RedefineTabBarControllerTests.xctest */;
			productType = "com.apple.product-type.bundle.unit-test";
		};
		E5761D101BEE114700DD9C94 /* RedefineTabBarControllerUITests */ = {
			isa = PBXNativeTarget;
			buildConfigurationList = E5761D201BEE114700DD9C94 /* Build configuration list for PBXNativeTarget "RedefineTabBarControllerUITests" */;
			buildPhases = (
				E5761D0D1BEE114700DD9C94 /* Sources */,
				E5761D0E1BEE114700DD9C94 /* Frameworks */,
				E5761D0F1BEE114700DD9C94 /* Resources */,
			);
			buildRules = (
			);
			dependencies = (
				E5761D131BEE114700DD9C94 /* PBXTargetDependency */,
			);
			name = RedefineTabBarControllerUITests;
			productName = RedefineTabBarControllerUITests;
			productReference = E5761D111BEE114700DD9C94 /* RedefineTabBarControllerUITests.xctest */;
			productType = "com.apple.product-type.bundle.ui-testing";
		};
/* End PBXNativeTarget section */

/* Begin PBXProject section */
		E5761CE51BEE114700DD9C94 /* Project object */ = {
			isa = PBXProject;
			attributes = {
				LastUpgradeCheck = 0710;
				ORGANIZATIONNAME = www.upupapp.com;
				TargetAttributes = {
					E5761CEC1BEE114700DD9C94 = {
						CreatedOnToolsVersion = 7.1;
					};
					E5761D051BEE114700DD9C94 = {
						CreatedOnToolsVersion = 7.1;
						TestTargetID = E5761CEC1BEE114700DD9C94;
					};
					E5761D101BEE114700DD9C94 = {
						CreatedOnToolsVersion = 7.1;
						TestTargetID = E5761CEC1BEE114700DD9C94;
					};
				};
			};
			buildConfigurationList = E5761CE81BEE114700DD9C94 /* Build configuration list for PBXProject "RedefineTabBarController" */;
			compatibilityVersion = "Xcode 3.2";
			developmentRegion = English;
			hasScannedForEncodings = 0;
			knownRegions = (
				en,
				Base,
			);
			mainGroup = E5761CE41BEE114700DD9C94;
			productRefGroup = E5761CEE1BEE114700DD9C94 /* Products */;
			projectDirPath = "";
			projectRoot = "";
			targets = (
				E5761CEC1BEE114700DD9C94 /* RedefineTabBarController */,
				E5761D051BEE114700DD9C94 /* RedefineTabBarControllerTests */,
				E5761D101BEE114700DD9C94 /* RedefineTabBarControllerUITests */,
			);
		};
/* End PBXProject section */

/* Begin PBXResourcesBuildPhase section */
		E5761CEB1BEE114700DD9C94 /* Resources */ = {
			isa = PBXResourcesBuildPhase;
			buildActionMask = 2147483647;
			files = (
				E5761D001BEE114700DD9C94 /* LaunchScreen.storyboard in Resources */,
				E5761CFD1BEE114700DD9C94 /* Assets.xcassets in Resources */,
				E5761D3C1BEE12B200DD9C94 /* MenuView.xib in Resources */,
				E5761D3A1BEE12B200DD9C94 /* MenuCell.xib in Resources */,
				E5761CFB1BEE114700DD9C94 /* Main.storyboard in Resources */,
			);
			runOnlyForDeploymentPostprocessing = 0;
		};
		E5761D041BEE114700DD9C94 /* Resources */ = {
			isa = PBXResourcesBuildPhase;
			buildActionMask = 2147483647;
			files = (
			);
			runOnlyForDeploymentPostprocessing = 0;
		};
		E5761D0F1BEE114700DD9C94 /* Resources */ = {
			isa = PBXResourcesBuildPhase;
			buildActionMask = 2147483647;
			files = (
			);
			runOnlyForDeploymentPostprocessing = 0;
		};
/* End PBXResourcesBuildPhase section */

/* Begin PBXSourcesBuildPhase section */
		E5761CE91BEE114700DD9C94 /* Sources */ = {
			isa = PBXSourcesBuildPhase;
			buildActionMask = 2147483647;
			files = (
				E5761D381BEE12B200DD9C94 /* JKSideSlipView.m in Sources */,
				E5761CF81BEE114700DD9C94 /* ViewController.m in Sources */,
				E5761D2E1BEE128100DD9C94 /* MineViewController.m in Sources */,
				E5761CF51BEE114700DD9C94 /* AppDelegate.m in Sources */,
				E5761D3F1BEE12DD00DD9C94 /* MineUserViewController.m in Sources */,
				E5761D251BEE115E00DD9C94 /* LCTabBarController.m in Sources */,
				E5761D391BEE12B200DD9C94 /* MenuCell.m in Sources */,
				E5761D2B1BEE118500DD9C94 /* UIAlertView+Blocks.m in Sources */,
				E5761D2A1BEE118500DD9C94 /* UIActionSheet+Blocks.m in Sources */,
				E5761CF21BEE114700DD9C94 /* main.m in Sources */,
				E5761D3B1BEE12B200DD9C94 /* MenuView.m in Sources */,
			);
			runOnlyForDeploymentPostprocessing = 0;
		};
		E5761D021BEE114700DD9C94 /* Sources */ = {
			isa = PBXSourcesBuildPhase;
			buildActionMask = 2147483647;
			files = (
				E5761D0B1BEE114700DD9C94 /* RedefineTabBarControllerTests.m in Sources */,
			);
			runOnlyForDeploymentPostprocessing = 0;
		};
		E5761D0D1BEE114700DD9C94 /* Sources */ = {
			isa = PBXSourcesBuildPhase;
			buildActionMask = 2147483647;
			files = (
				E5761D161BEE114700DD9C94 /* RedefineTabBarControllerUITests.m in Sources */,
			);
			runOnlyForDeploymentPostprocessing = 0;
		};
/* End PBXSourcesBuildPhase section */

/* Begin PBXTargetDependency section */
		E5761D081BEE114700DD9C94 /* PBXTargetDependency */ = {
			isa = PBXTargetDependency;
			target = E5761CEC1BEE114700DD9C94 /* RedefineTabBarController */;
			targetProxy = E5761D071BEE114700DD9C94 /* PBXContainerItemProxy */;
		};
		E5761D131BEE114700DD9C94 /* PBXTargetDependency */ = {
			isa = PBXTargetDependency;
			target = E5761CEC1BEE114700DD9C94 /* RedefineTabBarController */;
			targetProxy = E5761D121BEE114700DD9C94 /* PBXContainerItemProxy */;
		};
/* End PBXTargetDependency section */

/* Begin PBXVariantGroup section */
		E5761CF91BEE114700DD9C94 /* Main.storyboard */ = {
			isa = PBXVariantGroup;
			children = (
				E5761CFA1BEE114700DD9C94 /* Base */,
			);
			name = Main.storyboard;
			sourceTree = "<group>";
		};
		E5761CFE1BEE114700DD9C94 /* LaunchScreen.storyboard */ = {
			isa = PBXVariantGroup;
			children = (
				E5761CFF1BEE114700DD9C94 /* Base */,
			);
			name = LaunchScreen.storyboard;
			sourceTree = "<group>";
		};
/* End PBXVariantGroup section */

/* Begin XCBuildConfiguration section */
		E5761D181BEE114700DD9C94 /* Debug */ = {
			isa = XCBuildConfiguration;
			buildSettings = {
				ALWAYS_SEARCH_USER_PATHS = NO;
				CLANG_CXX_LANGUAGE_STANDARD = "gnu++0x";
				CLANG_CXX_LIBRARY = "libc++";
				CLANG_ENABLE_MODULES = YES;
				CLANG_ENABLE_OBJC_ARC = YES;
				CLANG_WARN_BOOL_CONVERSION = YES;
				CLANG_WARN_CONSTANT_CONVERSION = YES;
				CLANG_WARN_DIRECT_OBJC_ISA_USAGE = YES_ERROR;
				CLANG_WARN_EMPTY_BODY = YES;
				CLANG_WARN_ENUM_CONVERSION = YES;
				CLANG_WARN_INT_CONVERSION = YES;
				CLANG_WARN_OBJC_ROOT_CLASS = YES_ERROR;
				CLANG_WARN_UNREACHABLE_CODE = YES;
				CLANG_WARN__DUPLICATE_METHOD_MATCH = YES;
				"CODE_SIGN_IDENTITY[sdk=iphoneos*]" = "iPhone Developer";
				COPY_PHASE_STRIP = NO;
				DEBUG_INFORMATION_FORMAT = dwarf;
				ENABLE_STRICT_OBJC_MSGSEND = YES;
				ENABLE_TESTABILITY = YES;
				GCC_C_LANGUAGE_STANDARD = gnu99;
				GCC_DYNAMIC_NO_PIC = NO;
				GCC_NO_COMMON_BLOCKS = YES;
				GCC_OPTIMIZATION_LEVEL = 0;
				GCC_PREPROCESSOR_DEFINITIONS = (
					"DEBUG=1",
					"$(inherited)",
				);
				GCC_WARN_64_TO_32_BIT_CONVERSION = YES;
				GCC_WARN_ABOUT_RETURN_TYPE = YES_ERROR;
				GCC_WARN_UNDECLARED_SELECTOR = YES;
				GCC_WARN_UNINITIALIZED_AUTOS = YES_AGGRESSIVE;
				GCC_WARN_UNUSED_FUNCTION = YES;
				GCC_WARN_UNUSED_VARIABLE = YES;
				IPHONEOS_DEPLOYMENT_TARGET = 9.1;
				MTL_ENABLE_DEBUG_INFO = YES;
				ONLY_ACTIVE_ARCH = YES;
				SDKROOT = iphoneos;
			};
			name = Debug;
		};
		E5761D191BEE114700DD9C94 /* Release */ = {
			isa = XCBuildConfiguration;
			buildSettings = {
				ALWAYS_SEARCH_USER_PATHS = NO;
				CLANG_CXX_LANGUAGE_STANDARD = "gnu++0x";
				CLANG_CXX_LIBRARY = "libc++";
				CLANG_ENABLE_MODULES = YES;
				CLANG_ENABLE_OBJC_ARC = YES;
				CLANG_WARN_BOOL_CONVERSION = YES;
				CLANG_WARN_CONSTANT_CONVERSION = YES;
				CLANG_WARN_DIRECT_OBJC_ISA_USAGE = YES_ERROR;
				CLANG_WARN_EMPTY_BODY = YES;
				CLANG_WARN_ENUM_CONVERSION = YES;
				CLANG_WARN_INT_CONVERSION = YES;
				CLANG_WARN_OBJC_ROOT_CLASS = YES_ERROR;
				CLANG_WARN_UNREACHABLE_CODE = YES;
				CLANG_WARN__DUPLICATE_METHOD_MATCH = YES;
				"CODE_SIGN_IDENTITY[sdk=iphoneos*]" = "iPhone Developer";
				COPY_PHASE_STRIP = NO;
				DEBUG_INFORMATION_FORMAT = "dwarf-with-dsym";
				ENABLE_NS_ASSERTIONS = NO;
				ENABLE_STRICT_OBJC_MSGSEND = YES;
				GCC_C_LANGUAGE_STANDARD = gnu99;
				GCC_NO_COMMON_BLOCKS = YES;
				GCC_WARN_64_TO_32_BIT_CONVERSION = YES;
				GCC_WARN_ABOUT_RETURN_TYPE = YES_ERROR;
				GCC_WARN_UNDECLARED_SELECTOR = YES;
				GCC_WARN_UNINITIALIZED_AUTOS = YES_AGGRESSIVE;
				GCC_WARN_UNUSED_FUNCTION = YES;
				GCC_WARN_UNUSED_VARIABLE = YES;
				IPHONEOS_DEPLOYMENT_TARGET = 9.1;
				MTL_ENABLE_DEBUG_INFO = NO;
				SDKROOT = iphoneos;
				VALIDATE_PRODUCT = YES;
			};
			name = Release;
		};
		E5761D1B1BEE114700DD9C94 /* Debug */ = {
			isa = XCBuildConfiguration;
			buildSettings = {
				ASSETCATALOG_COMPILER_APPICON_NAME = AppIcon;
				INFOPLIST_FILE = RedefineTabBarController/Info.plist;
				LD_RUNPATH_SEARCH_PATHS = "$(inherited) @executable_path/Frameworks";
				PRODUCT_BUNDLE_IDENTIFIER = com.yinlibo.RedefineTabBarController;
				PRODUCT_NAME = "$(TARGET_NAME)";
			};
			name = Debug;
		};
		E5761D1C1BEE114700DD9C94 /* Release */ = {
			isa = XCBuildConfiguration;
			buildSettings = {
				ASSETCATALOG_COMPILER_APPICON_NAME = AppIcon;
				INFOPLIST_FILE = RedefineTabBarController/Info.plist;
				LD_RUNPATH_SEARCH_PATHS = "$(inherited) @executable_path/Frameworks";
				PRODUCT_BUNDLE_IDENTIFIER = com.yinlibo.RedefineTabBarController;
				PRODUCT_NAME = "$(TARGET_NAME)";
			};
			name = Release;
		};
		E5761D1E1BEE114700DD9C94 /* Debug */ = {
			isa = XCBuildConfiguration;
			buildSettings = {
				BUNDLE_LOADER = "$(TEST_HOST)";
				INFOPLIST_FILE = RedefineTabBarControllerTests/Info.plist;
				LD_RUNPATH_SEARCH_PATHS = "$(inherited) @executable_path/Frameworks @loader_path/Frameworks";
				PRODUCT_BUNDLE_IDENTIFIER = com.yinlibo.RedefineTabBarControllerTests;
				PRODUCT_NAME = "$(TARGET_NAME)";
				TEST_HOST = "$(BUILT_PRODUCTS_DIR)/RedefineTabBarController.app/RedefineTabBarController";
			};
			name = Debug;
		};
		E5761D1F1BEE114700DD9C94 /* Release */ = {
			isa = XCBuildConfiguration;
			buildSettings = {
				BUNDLE_LOADER = "$(TEST_HOST)";
				INFOPLIST_FILE = RedefineTabBarControllerTests/Info.plist;
				LD_RUNPATH_SEARCH_PATHS = "$(inherited) @executable_path/Frameworks @loader_path/Frameworks";
				PRODUCT_BUNDLE_IDENTIFIER = com.yinlibo.RedefineTabBarControllerTests;
				PRODUCT_NAME = "$(TARGET_NAME)";
				TEST_HOST = "$(BUILT_PRODUCTS_DIR)/RedefineTabBarController.app/RedefineTabBarController";
			};
			name = Release;
		};
		E5761D211BEE114700DD9C94 /* Debug */ = {
			isa = XCBuildConfiguration;
			buildSettings = {
				INFOPLIST_FILE = RedefineTabBarControllerUITests/Info.plist;
				LD_RUNPATH_SEARCH_PATHS = "$(inherited) @executable_path/Frameworks @loader_path/Frameworks";
				PRODUCT_BUNDLE_IDENTIFIER = com.yinlibo.RedefineTabBarControllerUITests;
				PRODUCT_NAME = "$(TARGET_NAME)";
				TEST_TARGET_NAME = RedefineTabBarController;
				USES_XCTRUNNER = YES;
			};
			name = Debug;
		};
		E5761D221BEE114700DD9C94 /* Release */ = {
			isa = XCBuildConfiguration;
			buildSettings = {
				INFOPLIST_FILE = RedefineTabBarControllerUITests/Info.plist;
				LD_RUNPATH_SEARCH_PATHS = "$(inherited) @executable_path/Frameworks @loader_path/Frameworks";
				PRODUCT_BUNDLE_IDENTIFIER = com.yinlibo.RedefineTabBarControllerUITests;
				PRODUCT_NAME = "$(TARGET_NAME)";
				TEST_TARGET_NAME = RedefineTabBarController;
				USES_XCTRUNNER = YES;
			};
			name = Release;
		};
/* End XCBuildConfiguration section */

/* Begin XCConfigurationList section */
		E5761CE81BEE114700DD9C94 /* Build configuration list for PBXProject "RedefineTabBarController" */ = {
			isa = XCConfigurationList;
			buildConfigurations = (
				E5761D181BEE114700DD9C94 /* Debug */,
				E5761D191BEE114700DD9C94 /* Release */,
			);
			defaultConfigurationIsVisible = 0;
			defaultConfigurationName = Release;
		};
		E5761D1A1BEE114700DD9C94 /* Build configuration list for PBXNativeTarget "RedefineTabBarController" */ = {
			isa = XCConfigurationList;
			buildConfigurations = (
				E5761D1B1BEE114700DD9C94 /* Debug */,
				E5761D1C1BEE114700DD9C94 /* Release */,
			);
			defaultConfigurationIsVisible = 0;
		};
		E5761D1D1BEE114700DD9C94 /* Build configuration list for PBXNativeTarget "RedefineTabBarControllerTests" */ = {
			isa = XCConfigurationList;
			buildConfigurations = (
				E5761D1E1BEE114700DD9C94 /* Debug */,
				E5761D1F1BEE114700DD9C94 /* Release */,
			);
			defaultConfigurationIsVisible = 0;
		};
		E5761D201BEE114700DD9C94 /* Build configuration list for PBXNativeTarget "RedefineTabBarControllerUITests" */ = {
			isa = XCConfigurationList;
			buildConfigurations = (
				E5761D211BEE114700DD9C94 /* Debug */,
				E5761D221BEE114700DD9C94 /* Release */,
			);
			defaultConfigurationIsVisible = 0;
		};
/* End XCConfigurationList section */
	};
	rootObject = E5761CE51BEE114700DD9C94 /* Project object */;
}
